#MicroXplorer Configuration settings - do not modify
Dma.I2C1_RX.2.Direction=DMA_PERIPH_TO_MEMORY
Dma.I2C1_RX.2.Instance=DMA1_Channel3
Dma.I2C1_RX.2.MemDataAlignment=DMA_MDATAALIGN_BYTE
Dma.I2C1_RX.2.MemInc=DMA_MINC_ENABLE
Dma.I2C1_RX.2.Mode=DMA_NORMAL
Dma.I2C1_RX.2.PeriphDataAlignment=DMA_PDATAALIGN_BYTE
Dma.I2C1_RX.2.PeriphInc=DMA_PINC_DISABLE
Dma.I2C1_RX.2.Priority=DMA_PRIORITY_LOW
Dma.I2C1_RX.2.RequestParameters=Instance,Direction,PeriphInc,MemInc,PeriphDataAlignment,MemDataAlignment,Mode,Priority
Dma.I2C1_TX.3.Direction=DMA_MEMORY_TO_PERIPH
Dma.I2C1_TX.3.Instance=DMA1_Channel2
Dma.I2C1_TX.3.MemDataAlignment=DMA_MDATAALIGN_BYTE
Dma.I2C1_TX.3.MemInc=DMA_MINC_ENABLE
Dma.I2C1_TX.3.Mode=DMA_NORMAL
Dma.I2C1_TX.3.PeriphDataAlignment=DMA_PDATAALIGN_BYTE
Dma.I2C1_TX.3.PeriphInc=DMA_PINC_DISABLE
Dma.I2C1_TX.3.Priority=DMA_PRIORITY_LOW
Dma.I2C1_TX.3.RequestParameters=Instance,Direction,PeriphInc,MemInc,PeriphDataAlignment,MemDataAlignment,Mode,Priority
Dma.Request0=USART3_RX
Dma.Request1=USART3_TX
Dma.Request2=I2C1_RX
Dma.Request3=I2C1_TX
Dma.RequestsNb=4
Dma.USART3_RX.0.Direction=DMA_PERIPH_TO_MEMORY
Dma.USART3_RX.0.Instance=DMA1_Channel6
Dma.USART3_RX.0.MemDataAlignment=DMA_MDATAALIGN_BYTE
Dma.USART3_RX.0.MemInc=DMA_MINC_ENABLE
Dma.USART3_RX.0.Mode=DMA_NORMAL
Dma.USART3_RX.0.PeriphDataAlignment=DMA_PDATAALIGN_BYTE
Dma.USART3_RX.0.PeriphInc=DMA_PINC_DISABLE
Dma.USART3_RX.0.Priority=DMA_PRIORITY_LOW
Dma.USART3_RX.0.RequestParameters=Instance,Direction,PeriphInc,MemInc,PeriphDataAlignment,MemDataAlignment,Mode,Priority
Dma.USART3_TX.1.Direction=DMA_MEMORY_TO_PERIPH
Dma.USART3_TX.1.Instance=DMA1_Channel7
Dma.USART3_TX.1.MemDataAlignment=DMA_MDATAALIGN_BYTE
Dma.USART3_TX.1.MemInc=DMA_MINC_ENABLE
Dma.USART3_TX.1.Mode=DMA_NORMAL
Dma.USART3_TX.1.PeriphDataAlignment=DMA_PDATAALIGN_BYTE
Dma.USART3_TX.1.PeriphInc=DMA_PINC_DISABLE
Dma.USART3_TX.1.Priority=DMA_PRIORITY_LOW
Dma.USART3_TX.1.RequestParameters=Instance,Direction,PeriphInc,MemInc,PeriphDataAlignment,MemDataAlignment,Mode,Priority
File.Version=6
KeepUserPlacement=false
Mcu.Family=STM32F0
Mcu.IP0=DMA
Mcu.IP1=I2C1
Mcu.IP10=USB_DEVICE
Mcu.IP2=NVIC
Mcu.IP3=RCC
Mcu.IP4=SYS
Mcu.IP5=TIM1
Mcu.IP6=TIM2
Mcu.IP7=TIM3
Mcu.IP8=USART3
Mcu.IP9=USB
Mcu.IPNb=11
Mcu.Name=STM32F072C(8-B)Ux
Mcu.Package=UFQFPN48
Mcu.Pin0=PC13
Mcu.Pin1=PC14-OSC32_IN
Mcu.Pin10=PA7
Mcu.Pin11=PB0
Mcu.Pin12=PB1
Mcu.Pin13=PB2
Mcu.Pin14=PB10
Mcu.Pin15=PB11
Mcu.Pin16=PB12
Mcu.Pin17=PB13
Mcu.Pin18=PB14
Mcu.Pin19=PB15
Mcu.Pin2=PC15-OSC32_OUT
Mcu.Pin20=PA8
Mcu.Pin21=PA9
Mcu.Pin22=PA10
Mcu.Pin23=PA11
Mcu.Pin24=PA12
Mcu.Pin25=PA13
Mcu.Pin26=PA14
Mcu.Pin27=PA15
Mcu.Pin28=PB3
Mcu.Pin29=PB4
Mcu.Pin3=PA0
Mcu.Pin30=PB5
Mcu.Pin31=PB6
Mcu.Pin32=PB7
Mcu.Pin33=PB8
Mcu.Pin34=PB9
Mcu.Pin35=VP_SYS_VS_Systick
Mcu.Pin36=VP_TIM2_VS_ClockSourceINT
Mcu.Pin37=VP_TIM2_VS_OPM
Mcu.Pin38=VP_TIM3_VS_ClockSourceINT
Mcu.Pin39=VP_TIM3_VS_OPM
Mcu.Pin4=PA1
Mcu.Pin40=VP_USB_DEVICE_VS_USB_DEVICE_CDC_FS
Mcu.Pin5=PA2
Mcu.Pin6=PA3
Mcu.Pin7=PA4
Mcu.Pin8=PA5
Mcu.Pin9=PA6
Mcu.PinsNb=41
Mcu.ThirdPartyNb=0
Mcu.UserConstants=
Mcu.UserName=STM32F072CBUx
MxCube.Version=4.27.0
MxDb.Version=DB.4.0.270
NVIC.DMA1_Channel2_3_IRQn=true\:0\:0\:false\:false\:true\:false
NVIC.DMA1_Channel4_5_6_7_IRQn=true\:0\:0\:false\:false\:true\:false
NVIC.HardFault_IRQn=true\:0\:0\:false\:false\:true\:false
NVIC.NonMaskableInt_IRQn=true\:0\:0\:false\:false\:true\:false
NVIC.PendSV_IRQn=true\:0\:0\:false\:false\:true\:false
NVIC.SVC_IRQn=true\:0\:0\:false\:false\:true\:false
NVIC.SysTick_IRQn=true\:0\:0\:false\:false\:true\:false
NVIC.USB_IRQn=true\:0\:0\:false\:false\:true\:false
PA0.GPIOParameters=GPIO_Label
PA0.GPIO_Label=DCLCK
PA0.Locked=true
PA0.Signal=S_TIM2_CH1_ETR
PA1.GPIOParameters=GPIO_Label
PA1.GPIO_Label=S1
PA1.Signal=S_TIM2_CH2
PA10.GPIOParameters=GPIO_Label
PA10.GPIO_Label=LED_POWER
PA10.Locked=true
PA10.Signal=GPIO_Output
PA11.Mode=Device
PA11.Signal=USB_DM
PA12.Mode=Device
PA12.Signal=USB_DP
PA13.Mode=Serial_Wire
PA13.Signal=SYS_SWDIO
PA14.Mode=Serial_Wire
PA14.Signal=SYS_SWCLK
PA15.GPIOParameters=GPIO_Label
PA15.GPIO_Label=LED_STATUS
PA15.Locked=true
PA15.Signal=GPIO_Output
PA2.GPIOParameters=GPIO_Label
PA2.GPIO_Label=S2
PA2.Signal=S_TIM2_CH3
PA3.GPIOParameters=GPIO_Label
PA3.GPIO_Label=S3
PA3.Signal=S_TIM2_CH4
PA4.GPIOParameters=GPIO_Label
PA4.GPIO_Label=Button_Setup
PA4.Locked=true
PA4.Signal=GPIO_Input
PA5.GPIOParameters=GPIO_Label
PA5.GPIO_Label=Button_Up
PA5.Locked=true
PA5.Signal=GPIO_Input
PA6.GPIOParameters=GPIO_Label
PA6.GPIO_Label=S4
PA6.Signal=S_TIM3_CH1
PA7.GPIOParameters=GPIO_Label
PA7.GPIO_Label=S5
PA7.Signal=S_TIM3_CH2
PA8.GPIOParameters=GPIO_Label
PA8.GPIO_Label=ENCODER_B
PA8.Signal=S_TIM1_CH1
PA9.GPIOParameters=GPIO_Label
PA9.GPIO_Label=ENCODER_A
PA9.Signal=S_TIM1_CH2
PB0.GPIOParameters=GPIO_Label
PB0.GPIO_Label=F3
PB0.Signal=S_TIM3_CH3
PB1.GPIOParameters=GPIO_Label
PB1.GPIO_Label=F5
PB1.Signal=S_TIM3_CH4
PB10.GPIOParameters=GPIO_Label
PB10.GPIO_Label=IN_TX
PB10.Mode=Asynchronous
PB10.Signal=USART3_TX
PB11.GPIOParameters=GPIO_Label
PB11.GPIO_Label=IN_RX
PB11.Mode=Asynchronous
PB11.Signal=USART3_RX
PB12.Locked=true
PB12.Signal=GPIO_Input
PB13.Locked=true
PB13.Signal=GPIO_Input
PB14.Locked=true
PB14.Signal=GPIO_Input
PB15.GPIOParameters=GPIO_Label
PB15.GPIO_Label=INDEX
PB15.Locked=true
PB15.Signal=GPIO_Input
PB2.GPIOParameters=GPIO_Label
PB2.GPIO_Label=INT_IN
PB2.Locked=true
PB2.Signal=GPXTI2
PB3.Locked=true
PB3.Signal=GPIO_Analog
PB4.Locked=true
PB4.Signal=GPIO_Analog
PB5.Locked=true
PB5.Signal=GPIO_Analog
PB6.GPIOParameters=GPIO_Label
PB6.GPIO_Label=OLED_SCL
PB6.Locked=true
PB6.Mode=I2C
PB6.Signal=I2C1_SCL
PB7.GPIOParameters=GPIO_Label
PB7.GPIO_Label=OLED_SDA
PB7.Locked=true
PB7.Mode=I2C
PB7.Signal=I2C1_SDA
PB8.GPIOParameters=GPIO_Label
PB8.GPIO_Label=Button_Down
PB8.Locked=true
PB8.Signal=GPIO_Input
PB9.GPIOParameters=GPIO_Label
PB9.GPIO_Label=CSYNC
PB9.Locked=true
PB9.Signal=GPIO_Output
PC13.GPIOParameters=GPIO_Label
PC13.GPIO_Label=D1
PC13.Locked=true
PC13.Signal=GPIO_Output
PC14-OSC32_IN.GPIOParameters=GPIO_Label
PC14-OSC32_IN.GPIO_Label=D2
PC14-OSC32_IN.Locked=true
PC14-OSC32_IN.Signal=GPIO_Output
PC15-OSC32_OUT.GPIOParameters=GPIO_Label
PC15-OSC32_OUT.GPIO_Label=D3
PC15-OSC32_OUT.Locked=true
PC15-OSC32_OUT.Signal=GPIO_Output
PCC.Checker=false
PCC.Line=STM32F0x2
PCC.MCU=STM32F072C(8-B)Ux
PCC.PartNumber=STM32F072CBUx
PCC.Seq0=0
PCC.Series=STM32F0
PCC.Temperature=25
PCC.Vdd=3.6
PinOutPanel.RotationAngle=0
ProjectManager.AskForMigrate=true
ProjectManager.BackupPrevious=false
ProjectManager.CompilerOptimize=6
ProjectManager.ComputerToolchain=false
ProjectManager.CoupleFile=false
ProjectManager.CustomerFirmwarePackage=
ProjectManager.DefaultFWLocation=true
ProjectManager.DeletePrevious=true
ProjectManager.DeviceId=STM32F072CBUx
ProjectManager.FirmwarePackage=STM32Cube FW_F0 V1.9.0
ProjectManager.FreePins=false
ProjectManager.HalAssertFull=false
ProjectManager.HeapSize=0x200
ProjectManager.KeepUserCode=true
ProjectManager.LastFirmware=true
ProjectManager.LibraryCopy=0
ProjectManager.MainLocation=Src
ProjectManager.NoMain=false
ProjectManager.PreviousToolchain=
ProjectManager.ProjectBuild=false
ProjectManager.ProjectFileName=printer.ioc
ProjectManager.ProjectName=printer
ProjectManager.StackSize=0x400
ProjectManager.TargetToolchain=Makefile
ProjectManager.ToolChainLocation=
ProjectManager.UnderRoot=false
ProjectManager.functionlistsort=1-MX_GPIO_Init-GPIO-false-HAL-true,2-MX_DMA_Init-DMA-false-HAL-true,3-SystemClock_Config-RCC-false-HAL-false,4-MX_I2C1_Init-I2C1-false-HAL-true,5-MX_TIM1_Init-TIM1-false-HAL-true,6-MX_TIM2_Init-TIM2-false-HAL-true,7-MX_TIM3_Init-TIM3-false-HAL-true,8-MX_USART3_UART_Init-USART3-false-HAL-true,9-MX_USB_DEVICE_Init-USB_DEVICE-false-HAL-true
RCC.AHBFreq_Value=48000000
RCC.APB1Freq_Value=48000000
RCC.APB1TimFreq_Value=48000000
RCC.CECFreq_Value=32786.88524590164
RCC.FCLKCortexFreq_Value=48000000
RCC.FamilyName=M
RCC.HCLKFreq_Value=48000000
RCC.HSICECFreq_Value=32786.88524590164
RCC.I2SFreq_Value=48000000
RCC.IPParameters=AHBFreq_Value,APB1Freq_Value,APB1TimFreq_Value,CECFreq_Value,FCLKCortexFreq_Value,FamilyName,HCLKFreq_Value,HSICECFreq_Value,I2SFreq_Value,MCOFreq_Value,PLLCLKFreq_Value,PLLMCOFreq_Value,SYSCLKFreq_VALUE,SYSCLKSource,TimSysFreq_Value,USART1Freq_Value,USART2Freq_Value,VCOOutput2Freq_Value
RCC.MCOFreq_Value=48000000
RCC.PLLCLKFreq_Value=16000000
RCC.PLLMCOFreq_Value=16000000
RCC.SYSCLKFreq_VALUE=48000000
RCC.SYSCLKSource=RCC_SYSCLKSOURCE_HSI48
RCC.TimSysFreq_Value=48000000
RCC.USART1Freq_Value=48000000
RCC.USART2Freq_Value=48000000
RCC.VCOOutput2Freq_Value=8000000
SH.GPXTI2.0=GPIO_EXTI2
SH.GPXTI2.ConfNb=1
SH.S_TIM1_CH1.0=TIM1_CH1,Encoder_Interface
SH.S_TIM1_CH1.ConfNb=1
SH.S_TIM1_CH2.0=TIM1_CH2,Encoder_Interface
SH.S_TIM1_CH2.ConfNb=1
SH.S_TIM2_CH1_ETR.0=TIM2_CH1,Output Compare1 CH1
SH.S_TIM2_CH1_ETR.ConfNb=1
SH.S_TIM2_CH2.0=TIM2_CH2,Output Compare2 CH2
SH.S_TIM2_CH2.ConfNb=1
SH.S_TIM2_CH3.0=TIM2_CH3,Output Compare3 CH3
SH.S_TIM2_CH3.ConfNb=1
SH.S_TIM2_CH4.0=TIM2_CH4,Output Compare4 CH4
SH.S_TIM2_CH4.ConfNb=1
SH.S_TIM3_CH1.0=TIM3_CH1,Output Compare1 CH1
SH.S_TIM3_CH1.ConfNb=1
SH.S_TIM3_CH2.0=TIM3_CH2,Output Compare2 CH2
SH.S_TIM3_CH2.ConfNb=1
SH.S_TIM3_CH3.0=TIM3_CH3,Output Compare3 CH3
SH.S_TIM3_CH3.ConfNb=1
SH.S_TIM3_CH4.0=TIM3_CH4,Output Compare4 CH4
SH.S_TIM3_CH4.ConfNb=1
TIM1.EncoderMode=TIM_ENCODERMODE_TI1
TIM1.IPParameters=Prescaler,RepetitionCounter,EncoderMode
TIM1.Prescaler=0
TIM1.RepetitionCounter=0
TIM2.Channel-Output\ Compare1\ CH1=TIM_CHANNEL_1
TIM2.Channel-Output\ Compare2\ CH2=TIM_CHANNEL_2
TIM2.Channel-Output\ Compare3\ CH3=TIM_CHANNEL_3
TIM2.Channel-Output\ Compare4\ CH4=TIM_CHANNEL_4
TIM2.IPParameters=Channel-Output Compare1 CH1,Channel-Output Compare2 CH2,Channel-Output Compare3 CH3,Channel-Output Compare4 CH4,Prescaler,OCMode_1,OCMode_2,OCMode_3,OCMode_4,OCPolarity_1,OCPolarity_2,OCPolarity_3,OCPolarity_4,Pulse-Output Compare1 CH1,Pulse-Output Compare2 CH2,Pulse-Output Compare3 CH3,Pulse-Output Compare4 CH4
TIM2.OCMode_1=TIM_OCMODE_ACTIVE
TIM2.OCMode_2=TIM_OCMODE_ACTIVE
TIM2.OCMode_3=TIM_OCMODE_ACTIVE
TIM2.OCMode_4=TIM_OCMODE_ACTIVE
TIM2.OCPolarity_1=TIM_OCPOLARITY_LOW
TIM2.OCPolarity_2=TIM_OCPOLARITY_LOW
TIM2.OCPolarity_3=TIM_OCPOLARITY_LOW
TIM2.OCPolarity_4=TIM_OCPOLARITY_LOW
TIM2.Prescaler=80
TIM2.Pulse-Output\ Compare1\ CH1=40
TIM2.Pulse-Output\ Compare2\ CH2=40
TIM2.Pulse-Output\ Compare3\ CH3=40
TIM2.Pulse-Output\ Compare4\ CH4=40
TIM3.Channel-Output\ Compare1\ CH1=TIM_CHANNEL_1
TIM3.Channel-Output\ Compare2\ CH2=TIM_CHANNEL_2
TIM3.Channel-Output\ Compare3\ CH3=TIM_CHANNEL_3
TIM3.Channel-Output\ Compare4\ CH4=TIM_CHANNEL_4
TIM3.IPParameters=Channel-Output Compare1 CH1,Channel-Output Compare2 CH2,Channel-Output Compare3 CH3,Channel-Output Compare4 CH4,Prescaler,OCMode_1,Pulse-Output Compare1 CH1,OCPolarity_1,Pulse-Output Compare2 CH2,OCPolarity_2,OCMode_2,Pulse-Output Compare3 CH3,OCPolarity_3,OCMode_3,OCMode_4,OCPolarity_4,Pulse-Output Compare4 CH4
TIM3.OCMode_1=TIM_OCMODE_ACTIVE
TIM3.OCMode_2=TIM_OCMODE_ACTIVE
TIM3.OCMode_3=TIM_OCMODE_ACTIVE
TIM3.OCMode_4=TIM_OCMODE_ACTIVE
TIM3.OCPolarity_1=TIM_OCPOLARITY_LOW
TIM3.OCPolarity_2=TIM_OCPOLARITY_LOW
TIM3.OCPolarity_3=TIM_OCPOLARITY_LOW
TIM3.OCPolarity_4=TIM_OCPOLARITY_LOW
TIM3.Prescaler=80
TIM3.Pulse-Output\ Compare1\ CH1=40
TIM3.Pulse-Output\ Compare2\ CH2=40
TIM3.Pulse-Output\ Compare3\ CH3=60
TIM3.Pulse-Output\ Compare4\ CH4=60
USART3.BaudRate=115200
USART3.IPParameters=VirtualMode-Asynchronous,BaudRate
USART3.VirtualMode-Asynchronous=VM_ASYNC
USB_DEVICE.CLASS_NAME_FS=CDC
USB_DEVICE.IPParameters=VirtualMode,VirtualModeFS,CLASS_NAME_FS
USB_DEVICE.VirtualMode=Cdc
USB_DEVICE.VirtualModeFS=Cdc_FS
VP_SYS_VS_Systick.Mode=SysTick
VP_SYS_VS_Systick.Signal=SYS_VS_Systick
VP_TIM2_VS_ClockSourceINT.Mode=Internal
VP_TIM2_VS_ClockSourceINT.Signal=TIM2_VS_ClockSourceINT
VP_TIM2_VS_OPM.Mode=OPM_bit
VP_TIM2_VS_OPM.Signal=TIM2_VS_OPM
VP_TIM3_VS_ClockSourceINT.Mode=Internal
VP_TIM3_VS_ClockSourceINT.Signal=TIM3_VS_ClockSourceINT
VP_TIM3_VS_OPM.Mode=OPM_bit
VP_TIM3_VS_OPM.Signal=TIM3_VS_OPM
VP_USB_DEVICE_VS_USB_DEVICE_CDC_FS.Mode=CDC_FS
VP_USB_DEVICE_VS_USB_DEVICE_CDC_FS.Signal=USB_DEVICE_VS_USB_DEVICE_CDC_FS
board=custom
